
Microsoft Visual Studio Solution File, Format Version 12.00
# Visual Studio Version 17
VisualStudioVersion = 17.4.33403.182
MinimumVisualStudioVersion = 10.0.40219.1
Project("{2150E333-8FDC-42A3-9474-1A3956D46DE8}") = "BuildingBlocks", "BuildingBlocks", "{8CC176F7-F9DC-4235-82EF-77717291F9FA}"
EndProject
Project("{2150E333-8FDC-42A3-9474-1A3956D46DE8}") = "Services", "Services", "{55081AF3-C30E-48DC-817C-335010E94B99}"
EndProject
Project("{2150E333-8FDC-42A3-9474-1A3956D46DE8}") = "Catalog", "Catalog", "{2807DCB0-3036-46FE-8B56-20F6E4116744}"
EndProject
Project("{9A19103F-16F7-4668-BE54-9A1E7A4F7556}") = "Catalog.api", "Catalog.api\Catalog.api.csproj", "{C5D1199F-3930-43BA-B4F6-1F716A495FFF}"
EndProject
Project("{E53339B2-1760-4266-BCC7-CA923CBCF16C}") = "docker-compose", "docker-compose.dcproj", "{ED07965F-9DE2-4B35-B7F3-8B0B316387B1}"
EndProject
Project("{2150E333-8FDC-42A3-9474-1A3956D46DE8}") = "Basket", "Basket", "{3FD1548A-3A01-49F2-87A8-AF714AEE84A8}"
EndProject
Project("{2150E333-8FDC-42A3-9474-1A3956D46DE8}") = "Inventory", "Inventory", "{6CB61267-F200-4DD0-9163-B23EA76F2589}"
EndProject
Project("{2150E333-8FDC-42A3-9474-1A3956D46DE8}") = "Ordering", "Ordering", "{9552EF1C-FC11-4D0C-8200-A29F1C5B3049}"
EndProject
Project("{9A19103F-16F7-4668-BE54-9A1E7A4F7556}") = "Basket.api", "Basket.api\Basket.api.csproj", "{7DA7AD99-6D88-4F86-8441-00A78562032A}"
EndProject
Project("{9A19103F-16F7-4668-BE54-9A1E7A4F7556}") = "Inventory.grpc", "Inventory.grpc\Inventory.grpc.csproj", "{4021D288-2E04-4573-8C99-077BC07E3666}"
EndProject
Project("{9A19103F-16F7-4668-BE54-9A1E7A4F7556}") = "Ordering.api", "Ordering.api\Ordering.api.csproj", "{9DA6C7B9-58C5-4A25-8DC1-37D8C4529EAF}"
EndProject
Project("{9A19103F-16F7-4668-BE54-9A1E7A4F7556}") = "Ordering.Application", "Ordering.Application\Ordering.Application.csproj", "{E6597BEA-6628-4360-9135-D80CEA2FA3A6}"
EndProject
Project("{9A19103F-16F7-4668-BE54-9A1E7A4F7556}") = "Ordering.Domain", "Ordering.Domain\Ordering.Domain.csproj", "{9D84A398-6E66-40CD-8211-60206DD28118}"
EndProject
Project("{9A19103F-16F7-4668-BE54-9A1E7A4F7556}") = "Ordering.Infrastructure", "Ordering.Infrastructure\Ordering.Infrastructure.csproj", "{1EE91254-1FFF-4FBF-A77B-0EED3C68F8CB}"
EndProject
Project("{9A19103F-16F7-4668-BE54-9A1E7A4F7556}") = "Ordering.Test", "Ordering.Test\Ordering.Test.csproj", "{FCD5EB39-D4F0-4599-8355-52F6E57D5C90}"
EndProject
Global
	GlobalSection(SolutionConfigurationPlatforms) = preSolution
		Debug|Any CPU = Debug|Any CPU
		Release|Any CPU = Release|Any CPU
	EndGlobalSection
	GlobalSection(ProjectConfigurationPlatforms) = postSolution
		{C5D1199F-3930-43BA-B4F6-1F716A495FFF}.Debug|Any CPU.ActiveCfg = Debug|Any CPU
		{C5D1199F-3930-43BA-B4F6-1F716A495FFF}.Debug|Any CPU.Build.0 = Debug|Any CPU
		{C5D1199F-3930-43BA-B4F6-1F716A495FFF}.Release|Any CPU.ActiveCfg = Release|Any CPU
		{C5D1199F-3930-43BA-B4F6-1F716A495FFF}.Release|Any CPU.Build.0 = Release|Any CPU
		{ED07965F-9DE2-4B35-B7F3-8B0B316387B1}.Debug|Any CPU.ActiveCfg = Debug|Any CPU
		{ED07965F-9DE2-4B35-B7F3-8B0B316387B1}.Debug|Any CPU.Build.0 = Debug|Any CPU
		{ED07965F-9DE2-4B35-B7F3-8B0B316387B1}.Release|Any CPU.ActiveCfg = Release|Any CPU
		{ED07965F-9DE2-4B35-B7F3-8B0B316387B1}.Release|Any CPU.Build.0 = Release|Any CPU
		{7DA7AD99-6D88-4F86-8441-00A78562032A}.Debug|Any CPU.ActiveCfg = Debug|Any CPU
		{7DA7AD99-6D88-4F86-8441-00A78562032A}.Debug|Any CPU.Build.0 = Debug|Any CPU
		{7DA7AD99-6D88-4F86-8441-00A78562032A}.Release|Any CPU.ActiveCfg = Release|Any CPU
		{7DA7AD99-6D88-4F86-8441-00A78562032A}.Release|Any CPU.Build.0 = Release|Any CPU
		{4021D288-2E04-4573-8C99-077BC07E3666}.Debug|Any CPU.ActiveCfg = Debug|Any CPU
		{4021D288-2E04-4573-8C99-077BC07E3666}.Debug|Any CPU.Build.0 = Debug|Any CPU
		{4021D288-2E04-4573-8C99-077BC07E3666}.Release|Any CPU.ActiveCfg = Release|Any CPU
		{4021D288-2E04-4573-8C99-077BC07E3666}.Release|Any CPU.Build.0 = Release|Any CPU
		{9DA6C7B9-58C5-4A25-8DC1-37D8C4529EAF}.Debug|Any CPU.ActiveCfg = Debug|Any CPU
		{9DA6C7B9-58C5-4A25-8DC1-37D8C4529EAF}.Debug|Any CPU.Build.0 = Debug|Any CPU
		{9DA6C7B9-58C5-4A25-8DC1-37D8C4529EAF}.Release|Any CPU.ActiveCfg = Release|Any CPU
		{9DA6C7B9-58C5-4A25-8DC1-37D8C4529EAF}.Release|Any CPU.Build.0 = Release|Any CPU
		{E6597BEA-6628-4360-9135-D80CEA2FA3A6}.Debug|Any CPU.ActiveCfg = Debug|Any CPU
		{E6597BEA-6628-4360-9135-D80CEA2FA3A6}.Debug|Any CPU.Build.0 = Debug|Any CPU
		{E6597BEA-6628-4360-9135-D80CEA2FA3A6}.Release|Any CPU.ActiveCfg = Release|Any CPU
		{E6597BEA-6628-4360-9135-D80CEA2FA3A6}.Release|Any CPU.Build.0 = Release|Any CPU
		{9D84A398-6E66-40CD-8211-60206DD28118}.Debug|Any CPU.ActiveCfg = Debug|Any CPU
		{9D84A398-6E66-40CD-8211-60206DD28118}.Debug|Any CPU.Build.0 = Debug|Any CPU
		{9D84A398-6E66-40CD-8211-60206DD28118}.Release|Any CPU.ActiveCfg = Release|Any CPU
		{9D84A398-6E66-40CD-8211-60206DD28118}.Release|Any CPU.Build.0 = Release|Any CPU
		{1EE91254-1FFF-4FBF-A77B-0EED3C68F8CB}.Debug|Any CPU.ActiveCfg = Debug|Any CPU
		{1EE91254-1FFF-4FBF-A77B-0EED3C68F8CB}.Debug|Any CPU.Build.0 = Debug|Any CPU
		{1EE91254-1FFF-4FBF-A77B-0EED3C68F8CB}.Release|Any CPU.ActiveCfg = Release|Any CPU
		{1EE91254-1FFF-4FBF-A77B-0EED3C68F8CB}.Release|Any CPU.Build.0 = Release|Any CPU
		{FCD5EB39-D4F0-4599-8355-52F6E57D5C90}.Debug|Any CPU.ActiveCfg = Debug|Any CPU
		{FCD5EB39-D4F0-4599-8355-52F6E57D5C90}.Debug|Any CPU.Build.0 = Debug|Any CPU
		{FCD5EB39-D4F0-4599-8355-52F6E57D5C90}.Release|Any CPU.ActiveCfg = Release|Any CPU
		{FCD5EB39-D4F0-4599-8355-52F6E57D5C90}.Release|Any CPU.Build.0 = Release|Any CPU
	EndGlobalSection
	GlobalSection(SolutionProperties) = preSolution
		HideSolutionNode = FALSE
	EndGlobalSection
	GlobalSection(NestedProjects) = preSolution
		{2807DCB0-3036-46FE-8B56-20F6E4116744} = {55081AF3-C30E-48DC-817C-335010E94B99}
		{C5D1199F-3930-43BA-B4F6-1F716A495FFF} = {2807DCB0-3036-46FE-8B56-20F6E4116744}
		{3FD1548A-3A01-49F2-87A8-AF714AEE84A8} = {55081AF3-C30E-48DC-817C-335010E94B99}
		{6CB61267-F200-4DD0-9163-B23EA76F2589} = {55081AF3-C30E-48DC-817C-335010E94B99}
		{9552EF1C-FC11-4D0C-8200-A29F1C5B3049} = {55081AF3-C30E-48DC-817C-335010E94B99}
		{7DA7AD99-6D88-4F86-8441-00A78562032A} = {3FD1548A-3A01-49F2-87A8-AF714AEE84A8}
		{4021D288-2E04-4573-8C99-077BC07E3666} = {6CB61267-F200-4DD0-9163-B23EA76F2589}
		{9DA6C7B9-58C5-4A25-8DC1-37D8C4529EAF} = {9552EF1C-FC11-4D0C-8200-A29F1C5B3049}
		{E6597BEA-6628-4360-9135-D80CEA2FA3A6} = {9552EF1C-FC11-4D0C-8200-A29F1C5B3049}
		{9D84A398-6E66-40CD-8211-60206DD28118} = {9552EF1C-FC11-4D0C-8200-A29F1C5B3049}
		{1EE91254-1FFF-4FBF-A77B-0EED3C68F8CB} = {9552EF1C-FC11-4D0C-8200-A29F1C5B3049}
		{FCD5EB39-D4F0-4599-8355-52F6E57D5C90} = {9552EF1C-FC11-4D0C-8200-A29F1C5B3049}
	EndGlobalSection
	GlobalSection(ExtensibilityGlobals) = postSolution
		SolutionGuid = {0FA312D5-27CF-41C5-A3A9-160ED0CBE4EB}
	EndGlobalSection
EndGlobal
